
Microsoft Visual Studio Solution File, Format Version 12.00
# Visual Studio 2012
Project("{FAE04EC0-301F-11D3-BF4B-00C04F79EFBC}") = "YearlyHash", "YearlyHash\YearlyHash.csproj", "{95C0E913-DD7C-4723-BEC7-671A5F394183}"
EndProject
Project("{FAE04EC0-301F-11D3-BF4B-00C04F79EFBC}") = "YearlyHashTest", "YearlyHashTest\YearlyHashTest.csproj", "{CF88092B-A3FE-40F6-BD85-F22F9560CF99}"
EndProject
Global
	GlobalSection(SolutionConfigurationPlatforms) = preSolution
		Debug|Any CPU = Debug|Any CPU
		Release|Any CPU = Release|Any CPU
	EndGlobalSection
	GlobalSection(ProjectConfigurationPlatforms) = postSolution
		{95C0E913-DD7C-4723-BEC7-671A5F394183}.Debug|Any CPU.ActiveCfg = Debug|Any CPU
		{95C0E913-DD7C-4723-BEC7-671A5F394183}.Debug|Any CPU.Build.0 = Debug|Any CPU
		{95C0E913-DD7C-4723-BEC7-671A5F394183}.Release|Any CPU.ActiveCfg = Release|Any CPU
		{95C0E913-DD7C-4723-BEC7-671A5F394183}.Release|Any CPU.Build.0 = Release|Any CPU
		{CF88092B-A3FE-40F6-BD85-F22F9560CF99}.Debug|Any CPU.ActiveCfg = Debug|Any CPU
		{CF88092B-A3FE-40F6-BD85-F22F9560CF99}.Debug|Any CPU.Build.0 = Debug|Any CPU
		{CF88092B-A3FE-40F6-BD85-F22F9560CF99}.Release|Any CPU.ActiveCfg = Release|Any CPU
		{CF88092B-A3FE-40F6-BD85-F22F9560CF99}.Release|Any CPU.Build.0 = Release|Any CPU
	EndGlobalSection
	GlobalSection(SolutionProperties) = preSolution
		HideSolutionNode = FALSE
	EndGlobalSection
EndGlobal
